<?xml version="1.0" encoding="utf-8"?>
<Project ToolsVersion="4.0" xmlns="http://schemas.microsoft.com/developer/msbuild/2003">
  <ItemGroup>
    <Filter Include="Source Files">
      <UniqueIdentifier>{4FC737F1-C7A5-4376-A066-2A32D752A2FF}</UniqueIdentifier>
      <Extensions>cpp;c;cc;cxx;def;odl;idl;hpj;bat;asm;asmx</Extensions>
    </Filter>
    <Filter Include="Header Files">
      <UniqueIdentifier>{93995380-89BD-4b04-88EB-625FBE52EBFB}</UniqueIdentifier>
      <Extensions>h;hh;hpp;hxx;hm;inl;inc;ipp;xsd</Extensions>
    </Filter>
    <Filter Include="Resource Files">
      <UniqueIdentifier>{67DA6AB6-F800-4c08-8B7A-83BB121AAD01}</UniqueIdentifier>
      <Extensions>rc;ico;cur;bmp;dlg;rc2;rct;bin;rgs;gif;jpg;jpeg;jpe;resx;tiff;tif;png;wav;mfcribbon-ms</Extensions>
    </Filter>
    <Filter Include="Header Files\Pieces">
      <UniqueIdentifier>{25c71f59-b299-46c8-af57-09813018ffc6}</UniqueIdentifier>
    </Filter>
    <Filter Include="Header Files\Rules">
      <UniqueIdentifier>{0200215c-792d-4661-bb08-42f4f556938f}</UniqueIdentifier>
    </Filter>
  </ItemGroup>
  <ItemGroup>
    <ClCompile Include="glad.c">
      <Filter>Source Files</Filter>
    </ClCompile>
    <ClCompile Include="Image.cpp">
      <Filter>Source Files</Filter>
    </ClCompile>
    <ClCompile Include="main.cpp">
      <Filter>Source Files</Filter>
    </ClCompile>
  </ItemGroup>
  <ItemGroup>
    <ClInclude Include="Shader.h">
      <Filter>Header Files</Filter>
    </ClInclude>
    <ClInclude Include="stb_image.h">
      <Filter>Header Files</Filter>
    </ClInclude>
    <ClInclude Include="Files\Classes\Bishop.h">
      <Filter>Header Files\Pieces</Filter>
    </ClInclude>
    <ClInclude Include="Files\Classes\King.h">
      <Filter>Header Files\Pieces</Filter>
    </ClInclude>
    <ClInclude Include="Files\Classes\Knight.h">
      <Filter>Header Files\Pieces</Filter>
    </ClInclude>
    <ClInclude Include="Files\Classes\Pawn.h">
      <Filter>Header Files\Pieces</Filter>
    </ClInclude>
    <ClInclude Include="Files\Classes\Pieces.h">
      <Filter>Header Files\Pieces</Filter>
    </ClInclude>
    <ClInclude Include="Files\Classes\Queen.h">
      <Filter>Header Files\Pieces</Filter>
    </ClInclude>
    <ClInclude Include="Files\Classes\Rook.h">
      <Filter>Header Files\Pieces</Filter>
    </ClInclude>
    <ClInclude Include="Files\Classes\Board.h">
      <Filter>Header Files</Filter>
    </ClInclude>
    <ClInclude Include="Files\Classes\Game.h">
      <Filter>Header Files</Filter>
    </ClInclude>
    <ClInclude Include="Mouse.h">
      <Filter>Header Files</Filter>
    </ClInclude>
    <ClInclude Include="Graphics.h">
      <Filter>Header Files</Filter>
    </ClInclude>
    <ClInclude Include="Moves.h">
      <Filter>Header Files</Filter>
    </ClInclude>
    <ClInclude Include="PawnRules.h">
      <Filter>Header Files\Rules</Filter>
    </ClInclude>
    <ClInclude Include="RookRules.h">
      <Filter>Header Files\Rules</Filter>
    </ClInclude>
    <ClInclude Include="KnightRules.h">
      <Filter>Header Files\Rules</Filter>
    </ClInclude>
    <ClInclude Include="BishopRules.h">
      <Filter>Header Files\Rules</Filter>
    </ClInclude>
    <ClInclude Include="QueenRules.h">
      <Filter>Header Files\Rules</Filter>
    </ClInclude>
    <ClInclude Include="KingRules.h">
      <Filter>Header Files\Rules</Filter>
    </ClInclude>
  </ItemGroup>
</Project>