<?xml version="1.0" encoding="utf-8"?>
<Project ToolsVersion="4.0" xmlns="http://schemas.microsoft.com/developer/msbuild/2003">
  <ItemGroup>
    <Filter Include="Source Files">
      <UniqueIdentifier>{4FC737F1-C7A5-4376-A066-2A32D752A2FF}</UniqueIdentifier>
      <Extensions>cpp;c;cc;cxx;def;odl;idl;hpj;bat;asm;asmx</Extensions>
    </Filter>
    <Filter Include="Header Files">
      <UniqueIdentifier>{93995380-89BD-4b04-88EB-625FBE52EBFB}</UniqueIdentifier>
      <Extensions>h;hh;hpp;hxx;hm;inl;inc;ipp;xsd</Extensions>
    </Filter>
    <Filter Include="Resource Files">
      <UniqueIdentifier>{67DA6AB6-F800-4c08-8B7A-83BB121AAD01}</UniqueIdentifier>
      <Extensions>rc;ico;cur;bmp;dlg;rc2;rct;bin;rgs;gif;jpg;jpeg;jpe;resx;tiff;tif;png;wav;mfcribbon-ms</Extensions>
    </Filter>
    <Filter Include="Header Files\Pieces">
      <UniqueIdentifier>{25c71f59-b299-46c8-af57-09813018ffc6}</UniqueIdentifier>
    </Filter>
    <Filter Include="Header Files\Pieces\Pawn">
      <UniqueIdentifier>{e0f23876-0a3a-4237-98e5-e56d5a576838}</UniqueIdentifier>
    </Filter>
    <Filter Include="Header Files\Pieces\Rook">
      <UniqueIdentifier>{ef26637d-ab59-4df3-9c5d-05ed716714a1}</UniqueIdentifier>
    </Filter>
    <Filter Include="Header Files\Pieces\Knight">
      <UniqueIdentifier>{e4d2bffa-7284-4945-9869-df006409f651}</UniqueIdentifier>
    </Filter>
    <Filter Include="Header Files\Pieces\Bishop">
      <UniqueIdentifier>{d3d013bc-a28f-44bc-802b-c6f357a7b4e2}</UniqueIdentifier>
    </Filter>
    <Filter Include="Header Files\Pieces\Queen">
      <UniqueIdentifier>{f90b48fe-8e1e-400a-a579-6d5fa6293923}</UniqueIdentifier>
    </Filter>
    <Filter Include="Header Files\Pieces\King">
      <UniqueIdentifier>{ccf9715f-2614-4189-ac9a-23e90d9a6ee6}</UniqueIdentifier>
    </Filter>
    <Filter Include="Header Files\AI">
      <UniqueIdentifier>{03588b96-e7d8-42b8-ad36-f7e89eed5643}</UniqueIdentifier>
    </Filter>
  </ItemGroup>
  <ItemGroup>
    <ClCompile Include="glad.c">
      <Filter>Source Files</Filter>
    </ClCompile>
    <ClCompile Include="Image.cpp">
      <Filter>Source Files</Filter>
    </ClCompile>
    <ClCompile Include="main.cpp">
      <Filter>Source Files</Filter>
    </ClCompile>
  </ItemGroup>
  <ItemGroup>
    <ClInclude Include="Shader.h">
      <Filter>Header Files</Filter>
    </ClInclude>
    <ClInclude Include="stb_image.h">
      <Filter>Header Files</Filter>
    </ClInclude>
    <ClInclude Include="Files\Classes\Pieces.h">
      <Filter>Header Files\Pieces</Filter>
    </ClInclude>
    <ClInclude Include="Files\Classes\Board.h">
      <Filter>Header Files</Filter>
    </ClInclude>
    <ClInclude Include="Files\Classes\Game.h">
      <Filter>Header Files</Filter>
    </ClInclude>
    <ClInclude Include="Mouse.h">
      <Filter>Header Files</Filter>
    </ClInclude>
    <ClInclude Include="Graphics.h">
      <Filter>Header Files</Filter>
    </ClInclude>
    <ClInclude Include="Moves.h">
      <Filter>Header Files</Filter>
    </ClInclude>
    <ClInclude Include="Files\Classes\Pieces\Knight\Knight.h">
      <Filter>Header Files\Pieces\Knight</Filter>
    </ClInclude>
    <ClInclude Include="Files\Classes\Pieces\Knight\KnightRules.h">
      <Filter>Header Files\Pieces\Knight</Filter>
    </ClInclude>
    <ClInclude Include="Files\Classes\Pieces\Bishop\Bishop.h">
      <Filter>Header Files\Pieces\Bishop</Filter>
    </ClInclude>
    <ClInclude Include="Files\Classes\Pieces\Bishop\BishopRules.h">
      <Filter>Header Files\Pieces\Bishop</Filter>
    </ClInclude>
    <ClInclude Include="Files\Classes\Pieces\King\King.h">
      <Filter>Header Files\Pieces\King</Filter>
    </ClInclude>
    <ClInclude Include="Files\Classes\Pieces\King\KingRules.h">
      <Filter>Header Files\Pieces\King</Filter>
    </ClInclude>
    <ClInclude Include="Files\Classes\Pieces\Queen\Queen.h">
      <Filter>Header Files\Pieces\Queen</Filter>
    </ClInclude>
    <ClInclude Include="Files\Classes\Pieces\Queen\QueenRules.h">
      <Filter>Header Files\Pieces\Queen</Filter>
    </ClInclude>
    <ClInclude Include="Files\Classes\Pieces\Rook\Rook.h">
      <Filter>Header Files\Pieces\Rook</Filter>
    </ClInclude>
    <ClInclude Include="Files\Classes\Pieces\Rook\RookRules.h">
      <Filter>Header Files\Pieces\Rook</Filter>
    </ClInclude>
    <ClInclude Include="Files\Classes\Pieces\Pawn\Pawn.h">
      <Filter>Header Files\Pieces\Pawn</Filter>
    </ClInclude>
    <ClInclude Include="Files\Classes\Pieces\Pawn\PawnPromotion.h">
      <Filter>Header Files\Pieces\Pawn</Filter>
    </ClInclude>
    <ClInclude Include="Files\Classes\Pieces\Pawn\PawnRules.h">
      <Filter>Header Files\Pieces\Pawn</Filter>
    </ClInclude>
    <ClInclude Include="UndoMoves.h">
      <Filter>Header Files</Filter>
    </ClInclude>
    <ClInclude Include="Files\Classes\AI\AI.h">
      <Filter>Header Files\AI</Filter>
    </ClInclude>
  </ItemGroup>
</Project>